
Microsoft Visual Studio Solution File, Format Version 12.00
# Visual Studio Version 16
VisualStudioVersion = 16.0.29123.89
MinimumVisualStudioVersion = 10.0.40219.1
Project("{9A19103F-16F7-4668-BE54-9A1E7A4F7556}") = "BlazorAuth", "BlazorAuth\BlazorAuth.csproj", "{8C2CB885-DEBC-46FA-B64D-8FA85B8C0844}"
EndProject
Global
	GlobalSection(SolutionConfigurationPlatforms) = preSolution
		Debug|Any CPU = Debug|Any CPU
		Release|Any CPU = Release|Any CPU
	EndGlobalSection
	GlobalSection(ProjectConfigurationPlatforms) = postSolution
		{8C2CB885-DEBC-46FA-B64D-8FA85B8C0844}.Debug|Any CPU.ActiveCfg = Debug|Any CPU
		{8C2CB885-DEBC-46FA-B64D-8FA85B8C0844}.Debug|Any CPU.Build.0 = Debug|Any CPU
		{8C2CB885-DEBC-46FA-B64D-8FA85B8C0844}.Release|Any CPU.ActiveCfg = Release|Any CPU
		{8C2CB885-DEBC-46FA-B64D-8FA85B8C0844}.Release|Any CPU.Build.0 = Release|Any CPU
	EndGlobalSection
	GlobalSection(SolutionProperties) = preSolution
		HideSolutionNode = FALSE
	EndGlobalSection
	GlobalSection(ExtensibilityGlobals) = postSolution
		SolutionGuid = {A05B6060-8D16-4634-84CE-F0480DA5E186}
	EndGlobalSection
EndGlobal
